
Microsoft Visual Studio Solution File, Format Version 12.00
# Visual Studio 15
VisualStudioVersion = 15.0.28307.329
MinimumVisualStudioVersion = 10.0.40219.1
Project("{FAE04EC0-301F-11D3-BF4B-00C04F79EFBC}") = "ChuckNorris.API", "ChuckNorris.API\ChuckNorris.API.csproj", "{418D265E-31A8-4EFA-803A-4D34955CBFC1}"
EndProject
Project("{2150E333-8FDC-42A3-9474-1A3956D46DE8}") = "Build", "Build", "{12F5D171-AB27-4C6A-A7FA-E1624B156859}"
	ProjectSection(SolutionItems) = preProject
		Makefile = Makefile
	EndProjectSection
EndProject
Project("{FAE04EC0-301F-11D3-BF4B-00C04F79EFBC}") = "ChuckNorris.ExternalClient", "ChuckNorris.ExternalClient\ChuckNorris.ExternalClient.csproj", "{B3C8447F-381F-4E93-878B-B9B990675450}"
EndProject
Global
	GlobalSection(SolutionConfigurationPlatforms) = preSolution
		Debug|Any CPU = Debug|Any CPU
		Release|Any CPU = Release|Any CPU
	EndGlobalSection
	GlobalSection(ProjectConfigurationPlatforms) = postSolution
		{418D265E-31A8-4EFA-803A-4D34955CBFC1}.Debug|Any CPU.ActiveCfg = Debug|Any CPU
		{418D265E-31A8-4EFA-803A-4D34955CBFC1}.Debug|Any CPU.Build.0 = Debug|Any CPU
		{418D265E-31A8-4EFA-803A-4D34955CBFC1}.Release|Any CPU.ActiveCfg = Release|Any CPU
		{418D265E-31A8-4EFA-803A-4D34955CBFC1}.Release|Any CPU.Build.0 = Release|Any CPU
		{B3C8447F-381F-4E93-878B-B9B990675450}.Debug|Any CPU.ActiveCfg = Debug|Any CPU
		{B3C8447F-381F-4E93-878B-B9B990675450}.Debug|Any CPU.Build.0 = Debug|Any CPU
		{B3C8447F-381F-4E93-878B-B9B990675450}.Release|Any CPU.ActiveCfg = Release|Any CPU
		{B3C8447F-381F-4E93-878B-B9B990675450}.Release|Any CPU.Build.0 = Release|Any CPU
	EndGlobalSection
	GlobalSection(SolutionProperties) = preSolution
		HideSolutionNode = FALSE
	EndGlobalSection
	GlobalSection(ExtensibilityGlobals) = postSolution
		SolutionGuid = {6A3DE658-9E9D-4552-9D15-A990CF7A3DD2}
	EndGlobalSection
EndGlobal
